
Microsoft Visual Studio Solution File, Format Version 12.00
# Visual Studio Version 16
VisualStudioVersion = 16.0.30611.23
MinimumVisualStudioVersion = 10.0.40219.1
Project("{FAE04EC0-301F-11D3-BF4B-00C04F79EFBC}") = "Open-Lab-10.04", "Open-Lab-10.04\Open-Lab-10.04.csproj", "{3138650E-9CDC-45F1-B6F2-9298C83D519D}"
EndProject
Global
	GlobalSection(SolutionConfigurationPlatforms) = preSolution
		Debug|Any CPU = Debug|Any CPU
		Release|Any CPU = Release|Any CPU
	EndGlobalSection
	GlobalSection(ProjectConfigurationPlatforms) = postSolution
		{3138650E-9CDC-45F1-B6F2-9298C83D519D}.Debug|Any CPU.ActiveCfg = Debug|Any CPU
		{3138650E-9CDC-45F1-B6F2-9298C83D519D}.Debug|Any CPU.Build.0 = Debug|Any CPU
		{3138650E-9CDC-45F1-B6F2-9298C83D519D}.Release|Any CPU.ActiveCfg = Release|Any CPU
		{3138650E-9CDC-45F1-B6F2-9298C83D519D}.Release|Any CPU.Build.0 = Release|Any CPU
	EndGlobalSection
	GlobalSection(SolutionProperties) = preSolution
		HideSolutionNode = FALSE
	EndGlobalSection
	GlobalSection(ExtensibilityGlobals) = postSolution
		SolutionGuid = {C4FBDEA2-54D6-48D8-9BB6-67A2028D9C3E}
	EndGlobalSection
EndGlobal
